
Microsoft Visual Studio Solution File, Format Version 12.00
# Visual Studio Version 17
VisualStudioVersion = 17.7.34024.191
MinimumVisualStudioVersion = 10.0.40219.1
Project("{FAE04EC0-301F-11D3-BF4B-00C04F79EFBC}") = "WpfApp1", "WpfApp1\WpfApp1.csproj", "{9F75B40F-B5C2-4191-B9FA-4E71AF3142FB}"
EndProject
Global
	GlobalSection(SolutionConfigurationPlatforms) = preSolution
		Debug|Any CPU = Debug|Any CPU
		Release|Any CPU = Release|Any CPU
	EndGlobalSection
	GlobalSection(ProjectConfigurationPlatforms) = postSolution
		{9F75B40F-B5C2-4191-B9FA-4E71AF3142FB}.Debug|Any CPU.ActiveCfg = Debug|Any CPU
		{9F75B40F-B5C2-4191-B9FA-4E71AF3142FB}.Debug|Any CPU.Build.0 = Debug|Any CPU
		{9F75B40F-B5C2-4191-B9FA-4E71AF3142FB}.Release|Any CPU.ActiveCfg = Release|Any CPU
		{9F75B40F-B5C2-4191-B9FA-4E71AF3142FB}.Release|Any CPU.Build.0 = Release|Any CPU
	EndGlobalSection
	GlobalSection(SolutionProperties) = preSolution
		HideSolutionNode = FALSE
	EndGlobalSection
	GlobalSection(ExtensibilityGlobals) = postSolution
		SolutionGuid = {0116845C-7EAD-4342-8019-479DA0EB8F86}
	EndGlobalSection
EndGlobal
